
Microsoft Visual Studio Solution File, Format Version 12.00
# Visual Studio Version 17
VisualStudioVersion = 17.4.33205.214
MinimumVisualStudioVersion = 10.0.40219.1
Project("{FAE04EC0-301F-11D3-BF4B-00C04F79EFBC}") = "TestGoogleInterface", "TestGoogleInterface\TestGoogleInterface.csproj", "{F55CA38C-A85F-414A-A8F6-BA59CE1F320D}"
EndProject
Global
	GlobalSection(SolutionConfigurationPlatforms) = preSolution
		Debug|Any CPU = Debug|Any CPU
		Release|Any CPU = Release|Any CPU
	EndGlobalSection
	GlobalSection(ProjectConfigurationPlatforms) = postSolution
		{F55CA38C-A85F-414A-A8F6-BA59CE1F320D}.Debug|Any CPU.ActiveCfg = Debug|Any CPU
		{F55CA38C-A85F-414A-A8F6-BA59CE1F320D}.Debug|Any CPU.Build.0 = Debug|Any CPU
		{F55CA38C-A85F-414A-A8F6-BA59CE1F320D}.Release|Any CPU.ActiveCfg = Release|Any CPU
		{F55CA38C-A85F-414A-A8F6-BA59CE1F320D}.Release|Any CPU.Build.0 = Release|Any CPU
	EndGlobalSection
	GlobalSection(SolutionProperties) = preSolution
		HideSolutionNode = FALSE
	EndGlobalSection
	GlobalSection(ExtensibilityGlobals) = postSolution
		SolutionGuid = {597B9B4A-EC89-4A4D-A0CD-15AA268AC664}
	EndGlobalSection
EndGlobal
